
Microsoft Visual Studio Solution File, Format Version 12.00
# Visual Studio 2017
Project("{FAE04EC0-301F-11D3-BF4B-00C04F79EFBC}") = "CloneDome", "CloneDome.csproj", "{7644E697-9571-8DB8-2739-9F294008EF0C}"
EndProject
Project("{FAE04EC0-301F-11D3-BF4B-00C04F79EFBC}") = "CloneDome.Editor", "CloneDome.Editor.csproj", "{9B641CF1-C41D-0CB9-EC75-BD6EC923C3B1}"
EndProject
Global
	GlobalSection(SolutionConfigurationPlatforms) = preSolution
		Debug|Any CPU = Debug|Any CPU
		Release|Any CPU = Release|Any CPU
	EndGlobalSection
	GlobalSection(ProjectConfigurationPlatforms) = postSolution
		{7644E697-9571-8DB8-2739-9F294008EF0C}.Debug|Any CPU.ActiveCfg = Debug|Any CPU
		{7644E697-9571-8DB8-2739-9F294008EF0C}.Debug|Any CPU.Build.0 = Debug|Any CPU
		{7644E697-9571-8DB8-2739-9F294008EF0C}.Release|Any CPU.ActiveCfg = Release|Any CPU
		{7644E697-9571-8DB8-2739-9F294008EF0C}.Release|Any CPU.Build.0 = Release|Any CPU
		{9B641CF1-C41D-0CB9-EC75-BD6EC923C3B1}.Debug|Any CPU.ActiveCfg = Debug|Any CPU
		{9B641CF1-C41D-0CB9-EC75-BD6EC923C3B1}.Debug|Any CPU.Build.0 = Debug|Any CPU
		{9B641CF1-C41D-0CB9-EC75-BD6EC923C3B1}.Release|Any CPU.ActiveCfg = Release|Any CPU
		{9B641CF1-C41D-0CB9-EC75-BD6EC923C3B1}.Release|Any CPU.Build.0 = Release|Any CPU
	EndGlobalSection
	GlobalSection(SolutionProperties) = preSolution
		HideSolutionNode = FALSE
	EndGlobalSection
EndGlobal
